
Microsoft Visual Studio Solution File, Format Version 12.00
# Visual Studio Version 17
VisualStudioVersion = 17.0.32014.148
MinimumVisualStudioVersion = 10.0.40219.1
Project("{9A19103F-16F7-4668-BE54-9A1E7A4F7556}") = "FS.Abp.EmailingManagement.Domain.Shared", "src\FS.Abp.EmailingManagement.Domain.Shared\FS.Abp.EmailingManagement.Domain.Shared.csproj", "{D64C1577-4929-4B60-939E-96DE1534891A}"
EndProject
Project("{9A19103F-16F7-4668-BE54-9A1E7A4F7556}") = "FS.Abp.EmailingManagement.Domain", "src\FS.Abp.EmailingManagement.Domain\FS.Abp.EmailingManagement.Domain.csproj", "{F2840BC7-0188-4606-9126-DADD0F5ABF7A}"
EndProject
Project("{9A19103F-16F7-4668-BE54-9A1E7A4F7556}") = "FS.Abp.EmailingManagement.Application.Contracts", "src\FS.Abp.EmailingManagement.Application.Contracts\FS.Abp.EmailingManagement.Application.Contracts.csproj", "{BD65D04F-08D5-40C1-8C24-77CA0BACB877}"
EndProject
Project("{9A19103F-16F7-4668-BE54-9A1E7A4F7556}") = "FS.Abp.EmailingManagement.Application", "src\FS.Abp.EmailingManagement.Application\FS.Abp.EmailingManagement.Application.csproj", "{78040F9E-3501-4A40-82DF-00A597710F35}"
EndProject
Project("{2150E333-8FDC-42A3-9474-1A3956D46DE8}") = "src", "src", "{649A3FFA-182F-4E56-9717-E6A9A2BEC545}"
EndProject
Project("{2150E333-8FDC-42A3-9474-1A3956D46DE8}") = "test", "test", "{CCD2960C-23CC-4AB4-B84D-60C7AAA52F4D}"
EndProject
Project("{9A19103F-16F7-4668-BE54-9A1E7A4F7556}") = "FS.Abp.EmailingManagement.EntityFrameworkCore", "src\FS.Abp.EmailingManagement.EntityFrameworkCore\FS.Abp.EmailingManagement.EntityFrameworkCore.csproj", "{0CE86223-D31D-4315-A1F5-87BA3EE1B844}"
EndProject
Project("{9A19103F-16F7-4668-BE54-9A1E7A4F7556}") = "FS.Abp.EmailingManagement.HttpApi", "src\FS.Abp.EmailingManagement.HttpApi\FS.Abp.EmailingManagement.HttpApi.csproj", "{077AA5F8-8B61-420C-A6B5-0150A66FDB34}"
EndProject
Project("{9A19103F-16F7-4668-BE54-9A1E7A4F7556}") = "FS.Abp.EmailingManagement.TestBase", "test\FS.Abp.EmailingManagement.TestBase\FS.Abp.EmailingManagement.TestBase.csproj", "{C5BB573D-3030-4BCB-88B7-F6A85C32766C}"
EndProject
Project("{9A19103F-16F7-4668-BE54-9A1E7A4F7556}") = "FS.Abp.EmailingManagement.EntityFrameworkCore.Tests", "test\FS.Abp.EmailingManagement.EntityFrameworkCore.Tests\FS.Abp.EmailingManagement.EntityFrameworkCore.Tests.csproj", "{527F645C-C1FC-406E-8479-81386C8ECF13}"
EndProject
Project("{9A19103F-16F7-4668-BE54-9A1E7A4F7556}") = "FS.Abp.EmailingManagement.Domain.Tests", "test\FS.Abp.EmailingManagement.Domain.Tests\FS.Abp.EmailingManagement.Domain.Tests.csproj", "{E60895E5-79C4-447D-88B7-85CB5BA336A4}"
EndProject
Project("{9A19103F-16F7-4668-BE54-9A1E7A4F7556}") = "FS.Abp.EmailingManagement.Application.Tests", "test\FS.Abp.EmailingManagement.Application.Tests\FS.Abp.EmailingManagement.Application.Tests.csproj", "{90CB5DC4-C040-45C7-8900-9688B26405BC}"
EndProject
Project("{9A19103F-16F7-4668-BE54-9A1E7A4F7556}") = "FS.Abp.EmailingManagement.Web", "src\FS.Abp.EmailingManagement.Web\FS.Abp.EmailingManagement.Web.csproj", "{3B7B6317-1B85-4164-8E11-75574F80AE17}"
EndProject
Project("{2150E333-8FDC-42A3-9474-1A3956D46DE8}") = "framework", "framework", "{BE29DAC8-722E-4C41-B3F7-170782BE4B58}"
EndProject
Project("{2150E333-8FDC-42A3-9474-1A3956D46DE8}") = "FS.Abp.Emailing", "FS.Abp.Emailing", "{4BB67310-6622-48D0-AF84-80E0ABB418DC}"
EndProject
Project("{9A19103F-16F7-4668-BE54-9A1E7A4F7556}") = "FS.Abp.Emailing.Domain.Shared", "..\..\framework\FS.Abp.Emailing\src\FS.Abp.Emailing.Domain.Shared\FS.Abp.Emailing.Domain.Shared.csproj", "{6A60BEAF-23B9-4240-9252-DF3117F08BF0}"
EndProject
Project("{9A19103F-16F7-4668-BE54-9A1E7A4F7556}") = "FS.Abp.Emailing.Domain", "..\..\framework\FS.Abp.Emailing\src\FS.Abp.Emailing.Domain\FS.Abp.Emailing.Domain.csproj", "{FFDB8647-DB29-4987-AEAC-A7D46A01849E}"
EndProject
Project("{9A19103F-16F7-4668-BE54-9A1E7A4F7556}") = "FS.Abp.Emailing.Application.Contracts", "..\..\framework\FS.Abp.Emailing\src\FS.Abp.Emailing.Application.Contracts\FS.Abp.Emailing.Application.Contracts.csproj", "{9A68F9FD-AB8D-4E94-8D9B-DA5F37E7BBB4}"
EndProject
Project("{9A19103F-16F7-4668-BE54-9A1E7A4F7556}") = "FS.Abp.Emailing.Application", "..\..\framework\FS.Abp.Emailing\src\FS.Abp.Emailing.Application\FS.Abp.Emailing.Application.csproj", "{4B5844F5-17C7-4368-B9EB-543F18E49B30}"
EndProject
Project("{9A19103F-16F7-4668-BE54-9A1E7A4F7556}") = "FS.Abp.Emailing.EntityFrameworkCore", "..\..\framework\FS.Abp.Emailing\src\FS.Abp.Emailing.EntityFrameworkCore\FS.Abp.Emailing.EntityFrameworkCore.csproj", "{468038A9-3D15-404A-8B31-06B507CF318B}"
EndProject
Project("{9A19103F-16F7-4668-BE54-9A1E7A4F7556}") = "FS.Abp.Emailing.HttpApi", "..\..\framework\FS.Abp.Emailing\src\FS.Abp.Emailing.HttpApi\FS.Abp.Emailing.HttpApi.csproj", "{30ED324E-F773-45F1-B5CE-7361BC61BF01}"
EndProject
Global
	GlobalSection(SolutionConfigurationPlatforms) = preSolution
		Debug|Any CPU = Debug|Any CPU
		Release|Any CPU = Release|Any CPU
	EndGlobalSection
	GlobalSection(ProjectConfigurationPlatforms) = postSolution
		{D64C1577-4929-4B60-939E-96DE1534891A}.Debug|Any CPU.ActiveCfg = Debug|Any CPU
		{D64C1577-4929-4B60-939E-96DE1534891A}.Debug|Any CPU.Build.0 = Debug|Any CPU
		{D64C1577-4929-4B60-939E-96DE1534891A}.Release|Any CPU.ActiveCfg = Release|Any CPU
		{D64C1577-4929-4B60-939E-96DE1534891A}.Release|Any CPU.Build.0 = Release|Any CPU
		{F2840BC7-0188-4606-9126-DADD0F5ABF7A}.Debug|Any CPU.ActiveCfg = Debug|Any CPU
		{F2840BC7-0188-4606-9126-DADD0F5ABF7A}.Debug|Any CPU.Build.0 = Debug|Any CPU
		{F2840BC7-0188-4606-9126-DADD0F5ABF7A}.Release|Any CPU.ActiveCfg = Release|Any CPU
		{F2840BC7-0188-4606-9126-DADD0F5ABF7A}.Release|Any CPU.Build.0 = Release|Any CPU
		{BD65D04F-08D5-40C1-8C24-77CA0BACB877}.Debug|Any CPU.ActiveCfg = Debug|Any CPU
		{BD65D04F-08D5-40C1-8C24-77CA0BACB877}.Debug|Any CPU.Build.0 = Debug|Any CPU
		{BD65D04F-08D5-40C1-8C24-77CA0BACB877}.Release|Any CPU.ActiveCfg = Release|Any CPU
		{BD65D04F-08D5-40C1-8C24-77CA0BACB877}.Release|Any CPU.Build.0 = Release|Any CPU
		{78040F9E-3501-4A40-82DF-00A597710F35}.Debug|Any CPU.ActiveCfg = Debug|Any CPU
		{78040F9E-3501-4A40-82DF-00A597710F35}.Debug|Any CPU.Build.0 = Debug|Any CPU
		{78040F9E-3501-4A40-82DF-00A597710F35}.Release|Any CPU.ActiveCfg = Release|Any CPU
		{78040F9E-3501-4A40-82DF-00A597710F35}.Release|Any CPU.Build.0 = Release|Any CPU
		{0CE86223-D31D-4315-A1F5-87BA3EE1B844}.Debug|Any CPU.ActiveCfg = Debug|Any CPU
		{0CE86223-D31D-4315-A1F5-87BA3EE1B844}.Debug|Any CPU.Build.0 = Debug|Any CPU
		{0CE86223-D31D-4315-A1F5-87BA3EE1B844}.Release|Any CPU.ActiveCfg = Release|Any CPU
		{0CE86223-D31D-4315-A1F5-87BA3EE1B844}.Release|Any CPU.Build.0 = Release|Any CPU
		{077AA5F8-8B61-420C-A6B5-0150A66FDB34}.Debug|Any CPU.ActiveCfg = Debug|Any CPU
		{077AA5F8-8B61-420C-A6B5-0150A66FDB34}.Debug|Any CPU.Build.0 = Debug|Any CPU
		{077AA5F8-8B61-420C-A6B5-0150A66FDB34}.Release|Any CPU.ActiveCfg = Release|Any CPU
		{077AA5F8-8B61-420C-A6B5-0150A66FDB34}.Release|Any CPU.Build.0 = Release|Any CPU
		{C5BB573D-3030-4BCB-88B7-F6A85C32766C}.Debug|Any CPU.ActiveCfg = Debug|Any CPU
		{C5BB573D-3030-4BCB-88B7-F6A85C32766C}.Debug|Any CPU.Build.0 = Debug|Any CPU
		{C5BB573D-3030-4BCB-88B7-F6A85C32766C}.Release|Any CPU.ActiveCfg = Release|Any CPU
		{C5BB573D-3030-4BCB-88B7-F6A85C32766C}.Release|Any CPU.Build.0 = Release|Any CPU
		{527F645C-C1FC-406E-8479-81386C8ECF13}.Debug|Any CPU.ActiveCfg = Debug|Any CPU
		{527F645C-C1FC-406E-8479-81386C8ECF13}.Debug|Any CPU.Build.0 = Debug|Any CPU
		{527F645C-C1FC-406E-8479-81386C8ECF13}.Release|Any CPU.ActiveCfg = Release|Any CPU
		{527F645C-C1FC-406E-8479-81386C8ECF13}.Release|Any CPU.Build.0 = Release|Any CPU
		{E60895E5-79C4-447D-88B7-85CB5BA336A4}.Debug|Any CPU.ActiveCfg = Debug|Any CPU
		{E60895E5-79C4-447D-88B7-85CB5BA336A4}.Debug|Any CPU.Build.0 = Debug|Any CPU
		{E60895E5-79C4-447D-88B7-85CB5BA336A4}.Release|Any CPU.ActiveCfg = Release|Any CPU
		{E60895E5-79C4-447D-88B7-85CB5BA336A4}.Release|Any CPU.Build.0 = Release|Any CPU
		{90CB5DC4-C040-45C7-8900-9688B26405BC}.Debug|Any CPU.ActiveCfg = Debug|Any CPU
		{90CB5DC4-C040-45C7-8900-9688B26405BC}.Debug|Any CPU.Build.0 = Debug|Any CPU
		{90CB5DC4-C040-45C7-8900-9688B26405BC}.Release|Any CPU.ActiveCfg = Release|Any CPU
		{90CB5DC4-C040-45C7-8900-9688B26405BC}.Release|Any CPU.Build.0 = Release|Any CPU
		{3B7B6317-1B85-4164-8E11-75574F80AE17}.Debug|Any CPU.ActiveCfg = Debug|Any CPU
		{3B7B6317-1B85-4164-8E11-75574F80AE17}.Debug|Any CPU.Build.0 = Debug|Any CPU
		{3B7B6317-1B85-4164-8E11-75574F80AE17}.Release|Any CPU.ActiveCfg = Release|Any CPU
		{3B7B6317-1B85-4164-8E11-75574F80AE17}.Release|Any CPU.Build.0 = Release|Any CPU
		{6A60BEAF-23B9-4240-9252-DF3117F08BF0}.Debug|Any CPU.ActiveCfg = Debug|Any CPU
		{6A60BEAF-23B9-4240-9252-DF3117F08BF0}.Debug|Any CPU.Build.0 = Debug|Any CPU
		{6A60BEAF-23B9-4240-9252-DF3117F08BF0}.Release|Any CPU.ActiveCfg = Release|Any CPU
		{6A60BEAF-23B9-4240-9252-DF3117F08BF0}.Release|Any CPU.Build.0 = Release|Any CPU
		{FFDB8647-DB29-4987-AEAC-A7D46A01849E}.Debug|Any CPU.ActiveCfg = Debug|Any CPU
		{FFDB8647-DB29-4987-AEAC-A7D46A01849E}.Debug|Any CPU.Build.0 = Debug|Any CPU
		{FFDB8647-DB29-4987-AEAC-A7D46A01849E}.Release|Any CPU.ActiveCfg = Release|Any CPU
		{FFDB8647-DB29-4987-AEAC-A7D46A01849E}.Release|Any CPU.Build.0 = Release|Any CPU
		{9A68F9FD-AB8D-4E94-8D9B-DA5F37E7BBB4}.Debug|Any CPU.ActiveCfg = Debug|Any CPU
		{9A68F9FD-AB8D-4E94-8D9B-DA5F37E7BBB4}.Debug|Any CPU.Build.0 = Debug|Any CPU
		{9A68F9FD-AB8D-4E94-8D9B-DA5F37E7BBB4}.Release|Any CPU.ActiveCfg = Release|Any CPU
		{9A68F9FD-AB8D-4E94-8D9B-DA5F37E7BBB4}.Release|Any CPU.Build.0 = Release|Any CPU
		{4B5844F5-17C7-4368-B9EB-543F18E49B30}.Debug|Any CPU.ActiveCfg = Debug|Any CPU
		{4B5844F5-17C7-4368-B9EB-543F18E49B30}.Debug|Any CPU.Build.0 = Debug|Any CPU
		{4B5844F5-17C7-4368-B9EB-543F18E49B30}.Release|Any CPU.ActiveCfg = Release|Any CPU
		{4B5844F5-17C7-4368-B9EB-543F18E49B30}.Release|Any CPU.Build.0 = Release|Any CPU
		{468038A9-3D15-404A-8B31-06B507CF318B}.Debug|Any CPU.ActiveCfg = Debug|Any CPU
		{468038A9-3D15-404A-8B31-06B507CF318B}.Debug|Any CPU.Build.0 = Debug|Any CPU
		{468038A9-3D15-404A-8B31-06B507CF318B}.Release|Any CPU.ActiveCfg = Release|Any CPU
		{468038A9-3D15-404A-8B31-06B507CF318B}.Release|Any CPU.Build.0 = Release|Any CPU
		{30ED324E-F773-45F1-B5CE-7361BC61BF01}.Debug|Any CPU.ActiveCfg = Debug|Any CPU
		{30ED324E-F773-45F1-B5CE-7361BC61BF01}.Debug|Any CPU.Build.0 = Debug|Any CPU
		{30ED324E-F773-45F1-B5CE-7361BC61BF01}.Release|Any CPU.ActiveCfg = Release|Any CPU
		{30ED324E-F773-45F1-B5CE-7361BC61BF01}.Release|Any CPU.Build.0 = Release|Any CPU
	EndGlobalSection
	GlobalSection(SolutionProperties) = preSolution
		HideSolutionNode = FALSE
	EndGlobalSection
	GlobalSection(NestedProjects) = preSolution
		{D64C1577-4929-4B60-939E-96DE1534891A} = {649A3FFA-182F-4E56-9717-E6A9A2BEC545}
		{F2840BC7-0188-4606-9126-DADD0F5ABF7A} = {649A3FFA-182F-4E56-9717-E6A9A2BEC545}
		{BD65D04F-08D5-40C1-8C24-77CA0BACB877} = {649A3FFA-182F-4E56-9717-E6A9A2BEC545}
		{78040F9E-3501-4A40-82DF-00A597710F35} = {649A3FFA-182F-4E56-9717-E6A9A2BEC545}
		{0CE86223-D31D-4315-A1F5-87BA3EE1B844} = {649A3FFA-182F-4E56-9717-E6A9A2BEC545}
		{077AA5F8-8B61-420C-A6B5-0150A66FDB34} = {649A3FFA-182F-4E56-9717-E6A9A2BEC545}
		{C5BB573D-3030-4BCB-88B7-F6A85C32766C} = {CCD2960C-23CC-4AB4-B84D-60C7AAA52F4D}
		{527F645C-C1FC-406E-8479-81386C8ECF13} = {CCD2960C-23CC-4AB4-B84D-60C7AAA52F4D}
		{E60895E5-79C4-447D-88B7-85CB5BA336A4} = {CCD2960C-23CC-4AB4-B84D-60C7AAA52F4D}
		{90CB5DC4-C040-45C7-8900-9688B26405BC} = {CCD2960C-23CC-4AB4-B84D-60C7AAA52F4D}
		{3B7B6317-1B85-4164-8E11-75574F80AE17} = {649A3FFA-182F-4E56-9717-E6A9A2BEC545}
		{4BB67310-6622-48D0-AF84-80E0ABB418DC} = {BE29DAC8-722E-4C41-B3F7-170782BE4B58}
		{6A60BEAF-23B9-4240-9252-DF3117F08BF0} = {4BB67310-6622-48D0-AF84-80E0ABB418DC}
		{FFDB8647-DB29-4987-AEAC-A7D46A01849E} = {4BB67310-6622-48D0-AF84-80E0ABB418DC}
		{9A68F9FD-AB8D-4E94-8D9B-DA5F37E7BBB4} = {4BB67310-6622-48D0-AF84-80E0ABB418DC}
		{4B5844F5-17C7-4368-B9EB-543F18E49B30} = {4BB67310-6622-48D0-AF84-80E0ABB418DC}
		{468038A9-3D15-404A-8B31-06B507CF318B} = {4BB67310-6622-48D0-AF84-80E0ABB418DC}
		{30ED324E-F773-45F1-B5CE-7361BC61BF01} = {4BB67310-6622-48D0-AF84-80E0ABB418DC}
	EndGlobalSection
	GlobalSection(ExtensibilityGlobals) = postSolution
		SolutionGuid = {97B31592-9D30-762F-72BA-EC256AA0B76E}
	EndGlobalSection
EndGlobal
