
Microsoft Visual Studio Solution File, Format Version 12.00
# Visual Studio Version 17
VisualStudioVersion = 17.1.32328.378
MinimumVisualStudioVersion = 10.0.40219.1
Project("{2150E333-8FDC-42A3-9474-1A3956D46DE8}") = "src", "src", "{649A3FFA-182F-4E56-9717-E6A9A2BEC545}"
EndProject
Project("{9A19103F-16F7-4668-BE54-9A1E7A4F7556}") = "FS.LineNotify.HttpApi", "src\FS.LineNotify.HttpApi\FS.LineNotify.HttpApi.csproj", "{077AA5F8-8B61-420C-A6B5-0150A66FDB34}"
EndProject
Project("{9A19103F-16F7-4668-BE54-9A1E7A4F7556}") = "FS.LineNotify.Core", "src\FS.LineNotify.Core\FS.LineNotify.Core.csproj", "{7F6672D2-6638-4AA4-9AA0-9B588CFE8FE3}"
EndProject
Project("{9A19103F-16F7-4668-BE54-9A1E7A4F7556}") = "FS.LineNotify.HttpClient", "src\FS.LineNotify.HttpClient\FS.LineNotify.HttpClient.csproj", "{C58135C8-E2CB-4FE1-BB52-5B6F11FCDD4C}"
EndProject
Global
	GlobalSection(SolutionConfigurationPlatforms) = preSolution
		Debug|Any CPU = Debug|Any CPU
		Release|Any CPU = Release|Any CPU
	EndGlobalSection
	GlobalSection(ProjectConfigurationPlatforms) = postSolution
		{077AA5F8-8B61-420C-A6B5-0150A66FDB34}.Debug|Any CPU.ActiveCfg = Debug|Any CPU
		{077AA5F8-8B61-420C-A6B5-0150A66FDB34}.Debug|Any CPU.Build.0 = Debug|Any CPU
		{077AA5F8-8B61-420C-A6B5-0150A66FDB34}.Release|Any CPU.ActiveCfg = Release|Any CPU
		{077AA5F8-8B61-420C-A6B5-0150A66FDB34}.Release|Any CPU.Build.0 = Release|Any CPU
		{7F6672D2-6638-4AA4-9AA0-9B588CFE8FE3}.Debug|Any CPU.ActiveCfg = Debug|Any CPU
		{7F6672D2-6638-4AA4-9AA0-9B588CFE8FE3}.Debug|Any CPU.Build.0 = Debug|Any CPU
		{7F6672D2-6638-4AA4-9AA0-9B588CFE8FE3}.Release|Any CPU.ActiveCfg = Release|Any CPU
		{7F6672D2-6638-4AA4-9AA0-9B588CFE8FE3}.Release|Any CPU.Build.0 = Release|Any CPU
		{C58135C8-E2CB-4FE1-BB52-5B6F11FCDD4C}.Debug|Any CPU.ActiveCfg = Debug|Any CPU
		{C58135C8-E2CB-4FE1-BB52-5B6F11FCDD4C}.Debug|Any CPU.Build.0 = Debug|Any CPU
		{C58135C8-E2CB-4FE1-BB52-5B6F11FCDD4C}.Release|Any CPU.ActiveCfg = Release|Any CPU
		{C58135C8-E2CB-4FE1-BB52-5B6F11FCDD4C}.Release|Any CPU.Build.0 = Release|Any CPU
	EndGlobalSection
	GlobalSection(SolutionProperties) = preSolution
		HideSolutionNode = FALSE
	EndGlobalSection
	GlobalSection(NestedProjects) = preSolution
		{077AA5F8-8B61-420C-A6B5-0150A66FDB34} = {649A3FFA-182F-4E56-9717-E6A9A2BEC545}
		{7F6672D2-6638-4AA4-9AA0-9B588CFE8FE3} = {649A3FFA-182F-4E56-9717-E6A9A2BEC545}
		{C58135C8-E2CB-4FE1-BB52-5B6F11FCDD4C} = {649A3FFA-182F-4E56-9717-E6A9A2BEC545}
	EndGlobalSection
	GlobalSection(ExtensibilityGlobals) = postSolution
		SolutionGuid = {97B31592-9D30-762F-72BA-EC256AA0B76E}
	EndGlobalSection
EndGlobal
