
Microsoft Visual Studio Solution File, Format Version 12.00
# Visual Studio Version 17
VisualStudioVersion = 17.1.32328.378
MinimumVisualStudioVersion = 10.0.40219.1
Project("{9A19103F-16F7-4668-BE54-9A1E7A4F7556}") = "MSG", "MSG\MSG.csproj", "{64430A23-E2E0-471D-B9F9-31E4E4C834E8}"
EndProject
Project("{2150E333-8FDC-42A3-9474-1A3956D46DE8}") = "framework", "framework", "{BB643A3F-AAAF-40FF-A547-63A3179E04EF}"
EndProject
Project("{2150E333-8FDC-42A3-9474-1A3956D46DE8}") = "modules", "modules", "{D6E5B38A-709D-47EE-AF24-B9703BDBA483}"
EndProject
Project("{2150E333-8FDC-42A3-9474-1A3956D46DE8}") = "FS.SocialManagement", "FS.SocialManagement", "{BF90541D-5F6F-4ED3-8459-64C52D2B521B}"
EndProject
Project("{9A19103F-16F7-4668-BE54-9A1E7A4F7556}") = "FS.SocialManagement.Domain.Shared", "..\..\modules\FS.SocialManagement\src\FS.SocialManagement.Domain.Shared\FS.SocialManagement.Domain.Shared.csproj", "{D64C1577-4929-4B60-939E-96DE1534891A}"
EndProject
Project("{9A19103F-16F7-4668-BE54-9A1E7A4F7556}") = "FS.SocialManagement.Domain", "..\..\modules\FS.SocialManagement\src\FS.SocialManagement.Domain\FS.SocialManagement.Domain.csproj", "{F2840BC7-0188-4606-9126-DADD0F5ABF7A}"
EndProject
Project("{9A19103F-16F7-4668-BE54-9A1E7A4F7556}") = "FS.SocialManagement.Application.Contracts", "..\..\modules\FS.SocialManagement\src\FS.SocialManagement.Application.Contracts\FS.SocialManagement.Application.Contracts.csproj", "{BD65D04F-08D5-40C1-8C24-77CA0BACB877}"
EndProject
Project("{9A19103F-16F7-4668-BE54-9A1E7A4F7556}") = "FS.SocialManagement.Application", "..\..\modules\FS.SocialManagement\src\FS.SocialManagement.Application\FS.SocialManagement.Application.csproj", "{78040F9E-3501-4A40-82DF-00A597710F35}"
EndProject
Project("{9A19103F-16F7-4668-BE54-9A1E7A4F7556}") = "FS.SocialManagement.EntityFrameworkCore", "..\..\modules\FS.SocialManagement\src\FS.SocialManagement.EntityFrameworkCore\FS.SocialManagement.EntityFrameworkCore.csproj", "{0CE86223-D31D-4315-A1F5-87BA3EE1B844}"
EndProject
Project("{9A19103F-16F7-4668-BE54-9A1E7A4F7556}") = "FS.SocialManagement.HttpApi", "..\..\modules\FS.SocialManagement\src\FS.SocialManagement.HttpApi\FS.SocialManagement.HttpApi.csproj", "{077AA5F8-8B61-420C-A6B5-0150A66FDB34}"
EndProject
Project("{2150E333-8FDC-42A3-9474-1A3956D46DE8}") = "FS.Social", "FS.Social", "{F6334AFD-F80B-40F1-A490-B6BC73791745}"
EndProject
Project("{9A19103F-16F7-4668-BE54-9A1E7A4F7556}") = "FS.Social.Domain.Shared", "..\..\framework\FS.Social\src\FS.Social.Domain.Shared\FS.Social.Domain.Shared.csproj", "{3387E6A1-CBDC-4264-9083-67282E4700D3}"
EndProject
Project("{9A19103F-16F7-4668-BE54-9A1E7A4F7556}") = "FS.Social.Domain", "..\..\framework\FS.Social\src\FS.Social.Domain\FS.Social.Domain.csproj", "{EC6B0B2B-9679-40C3-BF53-F4BB04DC493B}"
EndProject
Project("{9A19103F-16F7-4668-BE54-9A1E7A4F7556}") = "FS.Social.Application.Contracts", "..\..\framework\FS.Social\src\FS.Social.Application.Contracts\FS.Social.Application.Contracts.csproj", "{A16A24C0-6AF3-40BD-B2C4-DF819F71F24B}"
EndProject
Project("{9A19103F-16F7-4668-BE54-9A1E7A4F7556}") = "FS.Social.Application", "..\..\framework\FS.Social\src\FS.Social.Application\FS.Social.Application.csproj", "{53A7C4FC-FD23-4FD3-B474-6FB08299827F}"
EndProject
Project("{9A19103F-16F7-4668-BE54-9A1E7A4F7556}") = "FS.Social.EntityFrameworkCore", "..\..\framework\FS.Social\src\FS.Social.EntityFrameworkCore\FS.Social.EntityFrameworkCore.csproj", "{B81CEC5A-15AE-423E-BCAB-63DEF29D534B}"
EndProject
Project("{9A19103F-16F7-4668-BE54-9A1E7A4F7556}") = "FS.Social.HttpApi", "..\..\framework\FS.Social\src\FS.Social.HttpApi\FS.Social.HttpApi.csproj", "{EAE7BEFE-392B-4D55-9547-311DD12D8E75}"
EndProject
Project("{2150E333-8FDC-42A3-9474-1A3956D46DE8}") = "LineNotify", "LineNotify", "{9DC09B6B-CAE5-43AC-9AE6-50ED262D7A3E}"
EndProject
Project("{2150E333-8FDC-42A3-9474-1A3956D46DE8}") = "FS.LineNotify", "FS.LineNotify", "{2A1CA64A-D34D-492F-BF74-2FE024A038BA}"
EndProject
Project("{9A19103F-16F7-4668-BE54-9A1E7A4F7556}") = "FS.LineNotify.Core", "..\..\framework\FS.LineNotify\src\FS.LineNotify.Core\FS.LineNotify.Core.csproj", "{7F6672D2-6638-4AA4-9AA0-9B588CFE8FE3}"
EndProject
Project("{9A19103F-16F7-4668-BE54-9A1E7A4F7556}") = "FS.LineNotify.HttpClient", "..\..\framework\FS.LineNotify\src\FS.LineNotify.HttpClient\FS.LineNotify.HttpClient.csproj", "{C58135C8-E2CB-4FE1-BB52-5B6F11FCDD4C}"
EndProject
Project("{9A19103F-16F7-4668-BE54-9A1E7A4F7556}") = "FS.Social.LineNotify.Domain.Shared", "..\..\framework\FS.Social.LineNotify\src\FS.Social.LineNotify.Domain.Shared\FS.Social.LineNotify.Domain.Shared.csproj", "{04959356-287D-4E0D-8F1C-0B91958ACD18}"
EndProject
Project("{9A19103F-16F7-4668-BE54-9A1E7A4F7556}") = "FS.Social.LineNotify.Domain", "..\..\framework\FS.Social.LineNotify\src\FS.Social.LineNotify.Domain\FS.Social.LineNotify.Domain.csproj", "{007AC9EA-6149-4C6D-8D83-9695818463D8}"
EndProject
Project("{9A19103F-16F7-4668-BE54-9A1E7A4F7556}") = "FS.SocialManagement.AspNetCore", "..\..\modules\FS.SocialManagement\src\FS.SocialManagement.AspNetCore\FS.SocialManagement.AspNetCore.csproj", "{25D73ABA-A29F-4700-B5CA-609821578DA3}"
EndProject
Project("{9A19103F-16F7-4668-BE54-9A1E7A4F7556}") = "FS.Social.LineNotify.Application.Contracts", "..\..\framework\FS.Social.LineNotify\src\FS.Social.LineNotify.Application.Contracts\FS.Social.LineNotify.Application.Contracts.csproj", "{4D467DF7-07AB-470A-A8FE-D3B9D55202F4}"
EndProject
Project("{9A19103F-16F7-4668-BE54-9A1E7A4F7556}") = "FS.Social.LineNotify.Application", "..\..\framework\FS.Social.LineNotify\src\FS.Social.LineNotify.Application\FS.Social.LineNotify.Application.csproj", "{65541155-0AA6-4150-9902-DF9332FF2C97}"
EndProject
Project("{9A19103F-16F7-4668-BE54-9A1E7A4F7556}") = "FS.Social.LineNotify.AspNetCore", "..\..\framework\FS.Social.LineNotify\src\FS.Social.LineNotify.AspNetCore\FS.Social.LineNotify.AspNetCore.csproj", "{2D2BCEB8-60CE-4E05-9E47-BEF19ED0CBE7}"
EndProject
Project("{9A19103F-16F7-4668-BE54-9A1E7A4F7556}") = "FS.Social.LineNotify.HttpApi", "..\..\framework\FS.Social.LineNotify\src\FS.Social.LineNotify.HttpApi\FS.Social.LineNotify.HttpApi.csproj", "{92892327-2B59-4706-933B-DF7A8BAB4C54}"
EndProject
Project("{2150E333-8FDC-42A3-9474-1A3956D46DE8}") = "db-migrator", "db-migrator", "{FC7130BD-A03F-4F75-814B-562A1F32D2FB}"
EndProject
Project("{9A19103F-16F7-4668-BE54-9A1E7A4F7556}") = "FS.SocialManagement.DbMigrator", "..\..\modules\FS.SocialManagement\src\FS.SocialManagement.DbMigrator\FS.SocialManagement.DbMigrator.csproj", "{A4AE63A7-8B1D-45AF-9C6F-14729EB16393}"
EndProject
Project("{9A19103F-16F7-4668-BE54-9A1E7A4F7556}") = "FS.Social.LineNotify.Web", "..\..\framework\FS.Social.LineNotify\src\FS.Social.LineNotify.Web\FS.Social.LineNotify.Web.csproj", "{60C33668-304C-4256-9CF9-59FB20468AED}"
EndProject
Project("{9A19103F-16F7-4668-BE54-9A1E7A4F7556}") = "FS.SocialManagement.Web", "..\..\modules\FS.SocialManagement\src\FS.SocialManagement.Web\FS.SocialManagement.Web.csproj", "{B878F018-1D30-48EA-85C8-531253FBC918}"
EndProject
Project("{9A19103F-16F7-4668-BE54-9A1E7A4F7556}") = "FS.LineNotify.HttpApi", "..\..\framework\FS.LineNotify\src\FS.LineNotify.HttpApi\FS.LineNotify.HttpApi.csproj", "{CB791DAF-7259-4292-BFFD-5F5385CF0540}"
EndProject
Global
	GlobalSection(SolutionConfigurationPlatforms) = preSolution
		Debug|Any CPU = Debug|Any CPU
		Release|Any CPU = Release|Any CPU
	EndGlobalSection
	GlobalSection(ProjectConfigurationPlatforms) = postSolution
		{64430A23-E2E0-471D-B9F9-31E4E4C834E8}.Debug|Any CPU.ActiveCfg = Debug|Any CPU
		{64430A23-E2E0-471D-B9F9-31E4E4C834E8}.Debug|Any CPU.Build.0 = Debug|Any CPU
		{64430A23-E2E0-471D-B9F9-31E4E4C834E8}.Release|Any CPU.ActiveCfg = Release|Any CPU
		{64430A23-E2E0-471D-B9F9-31E4E4C834E8}.Release|Any CPU.Build.0 = Release|Any CPU
		{D64C1577-4929-4B60-939E-96DE1534891A}.Debug|Any CPU.ActiveCfg = Debug|Any CPU
		{D64C1577-4929-4B60-939E-96DE1534891A}.Debug|Any CPU.Build.0 = Debug|Any CPU
		{D64C1577-4929-4B60-939E-96DE1534891A}.Release|Any CPU.ActiveCfg = Release|Any CPU
		{D64C1577-4929-4B60-939E-96DE1534891A}.Release|Any CPU.Build.0 = Release|Any CPU
		{F2840BC7-0188-4606-9126-DADD0F5ABF7A}.Debug|Any CPU.ActiveCfg = Debug|Any CPU
		{F2840BC7-0188-4606-9126-DADD0F5ABF7A}.Debug|Any CPU.Build.0 = Debug|Any CPU
		{F2840BC7-0188-4606-9126-DADD0F5ABF7A}.Release|Any CPU.ActiveCfg = Release|Any CPU
		{F2840BC7-0188-4606-9126-DADD0F5ABF7A}.Release|Any CPU.Build.0 = Release|Any CPU
		{BD65D04F-08D5-40C1-8C24-77CA0BACB877}.Debug|Any CPU.ActiveCfg = Debug|Any CPU
		{BD65D04F-08D5-40C1-8C24-77CA0BACB877}.Debug|Any CPU.Build.0 = Debug|Any CPU
		{BD65D04F-08D5-40C1-8C24-77CA0BACB877}.Release|Any CPU.ActiveCfg = Release|Any CPU
		{BD65D04F-08D5-40C1-8C24-77CA0BACB877}.Release|Any CPU.Build.0 = Release|Any CPU
		{78040F9E-3501-4A40-82DF-00A597710F35}.Debug|Any CPU.ActiveCfg = Debug|Any CPU
		{78040F9E-3501-4A40-82DF-00A597710F35}.Debug|Any CPU.Build.0 = Debug|Any CPU
		{78040F9E-3501-4A40-82DF-00A597710F35}.Release|Any CPU.ActiveCfg = Release|Any CPU
		{78040F9E-3501-4A40-82DF-00A597710F35}.Release|Any CPU.Build.0 = Release|Any CPU
		{0CE86223-D31D-4315-A1F5-87BA3EE1B844}.Debug|Any CPU.ActiveCfg = Debug|Any CPU
		{0CE86223-D31D-4315-A1F5-87BA3EE1B844}.Debug|Any CPU.Build.0 = Debug|Any CPU
		{0CE86223-D31D-4315-A1F5-87BA3EE1B844}.Release|Any CPU.ActiveCfg = Release|Any CPU
		{0CE86223-D31D-4315-A1F5-87BA3EE1B844}.Release|Any CPU.Build.0 = Release|Any CPU
		{077AA5F8-8B61-420C-A6B5-0150A66FDB34}.Debug|Any CPU.ActiveCfg = Debug|Any CPU
		{077AA5F8-8B61-420C-A6B5-0150A66FDB34}.Debug|Any CPU.Build.0 = Debug|Any CPU
		{077AA5F8-8B61-420C-A6B5-0150A66FDB34}.Release|Any CPU.ActiveCfg = Release|Any CPU
		{077AA5F8-8B61-420C-A6B5-0150A66FDB34}.Release|Any CPU.Build.0 = Release|Any CPU
		{3387E6A1-CBDC-4264-9083-67282E4700D3}.Debug|Any CPU.ActiveCfg = Debug|Any CPU
		{3387E6A1-CBDC-4264-9083-67282E4700D3}.Debug|Any CPU.Build.0 = Debug|Any CPU
		{3387E6A1-CBDC-4264-9083-67282E4700D3}.Release|Any CPU.ActiveCfg = Release|Any CPU
		{3387E6A1-CBDC-4264-9083-67282E4700D3}.Release|Any CPU.Build.0 = Release|Any CPU
		{EC6B0B2B-9679-40C3-BF53-F4BB04DC493B}.Debug|Any CPU.ActiveCfg = Debug|Any CPU
		{EC6B0B2B-9679-40C3-BF53-F4BB04DC493B}.Debug|Any CPU.Build.0 = Debug|Any CPU
		{EC6B0B2B-9679-40C3-BF53-F4BB04DC493B}.Release|Any CPU.ActiveCfg = Release|Any CPU
		{EC6B0B2B-9679-40C3-BF53-F4BB04DC493B}.Release|Any CPU.Build.0 = Release|Any CPU
		{A16A24C0-6AF3-40BD-B2C4-DF819F71F24B}.Debug|Any CPU.ActiveCfg = Debug|Any CPU
		{A16A24C0-6AF3-40BD-B2C4-DF819F71F24B}.Debug|Any CPU.Build.0 = Debug|Any CPU
		{A16A24C0-6AF3-40BD-B2C4-DF819F71F24B}.Release|Any CPU.ActiveCfg = Release|Any CPU
		{A16A24C0-6AF3-40BD-B2C4-DF819F71F24B}.Release|Any CPU.Build.0 = Release|Any CPU
		{53A7C4FC-FD23-4FD3-B474-6FB08299827F}.Debug|Any CPU.ActiveCfg = Debug|Any CPU
		{53A7C4FC-FD23-4FD3-B474-6FB08299827F}.Debug|Any CPU.Build.0 = Debug|Any CPU
		{53A7C4FC-FD23-4FD3-B474-6FB08299827F}.Release|Any CPU.ActiveCfg = Release|Any CPU
		{53A7C4FC-FD23-4FD3-B474-6FB08299827F}.Release|Any CPU.Build.0 = Release|Any CPU
		{B81CEC5A-15AE-423E-BCAB-63DEF29D534B}.Debug|Any CPU.ActiveCfg = Debug|Any CPU
		{B81CEC5A-15AE-423E-BCAB-63DEF29D534B}.Debug|Any CPU.Build.0 = Debug|Any CPU
		{B81CEC5A-15AE-423E-BCAB-63DEF29D534B}.Release|Any CPU.ActiveCfg = Release|Any CPU
		{B81CEC5A-15AE-423E-BCAB-63DEF29D534B}.Release|Any CPU.Build.0 = Release|Any CPU
		{EAE7BEFE-392B-4D55-9547-311DD12D8E75}.Debug|Any CPU.ActiveCfg = Debug|Any CPU
		{EAE7BEFE-392B-4D55-9547-311DD12D8E75}.Debug|Any CPU.Build.0 = Debug|Any CPU
		{EAE7BEFE-392B-4D55-9547-311DD12D8E75}.Release|Any CPU.ActiveCfg = Release|Any CPU
		{EAE7BEFE-392B-4D55-9547-311DD12D8E75}.Release|Any CPU.Build.0 = Release|Any CPU
		{7F6672D2-6638-4AA4-9AA0-9B588CFE8FE3}.Debug|Any CPU.ActiveCfg = Debug|Any CPU
		{7F6672D2-6638-4AA4-9AA0-9B588CFE8FE3}.Debug|Any CPU.Build.0 = Debug|Any CPU
		{7F6672D2-6638-4AA4-9AA0-9B588CFE8FE3}.Release|Any CPU.ActiveCfg = Release|Any CPU
		{7F6672D2-6638-4AA4-9AA0-9B588CFE8FE3}.Release|Any CPU.Build.0 = Release|Any CPU
		{C58135C8-E2CB-4FE1-BB52-5B6F11FCDD4C}.Debug|Any CPU.ActiveCfg = Debug|Any CPU
		{C58135C8-E2CB-4FE1-BB52-5B6F11FCDD4C}.Debug|Any CPU.Build.0 = Debug|Any CPU
		{C58135C8-E2CB-4FE1-BB52-5B6F11FCDD4C}.Release|Any CPU.ActiveCfg = Release|Any CPU
		{C58135C8-E2CB-4FE1-BB52-5B6F11FCDD4C}.Release|Any CPU.Build.0 = Release|Any CPU
		{04959356-287D-4E0D-8F1C-0B91958ACD18}.Debug|Any CPU.ActiveCfg = Debug|Any CPU
		{04959356-287D-4E0D-8F1C-0B91958ACD18}.Debug|Any CPU.Build.0 = Debug|Any CPU
		{04959356-287D-4E0D-8F1C-0B91958ACD18}.Release|Any CPU.ActiveCfg = Release|Any CPU
		{04959356-287D-4E0D-8F1C-0B91958ACD18}.Release|Any CPU.Build.0 = Release|Any CPU
		{007AC9EA-6149-4C6D-8D83-9695818463D8}.Debug|Any CPU.ActiveCfg = Debug|Any CPU
		{007AC9EA-6149-4C6D-8D83-9695818463D8}.Debug|Any CPU.Build.0 = Debug|Any CPU
		{007AC9EA-6149-4C6D-8D83-9695818463D8}.Release|Any CPU.ActiveCfg = Release|Any CPU
		{007AC9EA-6149-4C6D-8D83-9695818463D8}.Release|Any CPU.Build.0 = Release|Any CPU
		{25D73ABA-A29F-4700-B5CA-609821578DA3}.Debug|Any CPU.ActiveCfg = Debug|Any CPU
		{25D73ABA-A29F-4700-B5CA-609821578DA3}.Debug|Any CPU.Build.0 = Debug|Any CPU
		{25D73ABA-A29F-4700-B5CA-609821578DA3}.Release|Any CPU.ActiveCfg = Release|Any CPU
		{25D73ABA-A29F-4700-B5CA-609821578DA3}.Release|Any CPU.Build.0 = Release|Any CPU
		{4D467DF7-07AB-470A-A8FE-D3B9D55202F4}.Debug|Any CPU.ActiveCfg = Debug|Any CPU
		{4D467DF7-07AB-470A-A8FE-D3B9D55202F4}.Debug|Any CPU.Build.0 = Debug|Any CPU
		{4D467DF7-07AB-470A-A8FE-D3B9D55202F4}.Release|Any CPU.ActiveCfg = Release|Any CPU
		{4D467DF7-07AB-470A-A8FE-D3B9D55202F4}.Release|Any CPU.Build.0 = Release|Any CPU
		{65541155-0AA6-4150-9902-DF9332FF2C97}.Debug|Any CPU.ActiveCfg = Debug|Any CPU
		{65541155-0AA6-4150-9902-DF9332FF2C97}.Debug|Any CPU.Build.0 = Debug|Any CPU
		{65541155-0AA6-4150-9902-DF9332FF2C97}.Release|Any CPU.ActiveCfg = Release|Any CPU
		{65541155-0AA6-4150-9902-DF9332FF2C97}.Release|Any CPU.Build.0 = Release|Any CPU
		{2D2BCEB8-60CE-4E05-9E47-BEF19ED0CBE7}.Debug|Any CPU.ActiveCfg = Debug|Any CPU
		{2D2BCEB8-60CE-4E05-9E47-BEF19ED0CBE7}.Debug|Any CPU.Build.0 = Debug|Any CPU
		{2D2BCEB8-60CE-4E05-9E47-BEF19ED0CBE7}.Release|Any CPU.ActiveCfg = Release|Any CPU
		{2D2BCEB8-60CE-4E05-9E47-BEF19ED0CBE7}.Release|Any CPU.Build.0 = Release|Any CPU
		{92892327-2B59-4706-933B-DF7A8BAB4C54}.Debug|Any CPU.ActiveCfg = Debug|Any CPU
		{92892327-2B59-4706-933B-DF7A8BAB4C54}.Debug|Any CPU.Build.0 = Debug|Any CPU
		{92892327-2B59-4706-933B-DF7A8BAB4C54}.Release|Any CPU.ActiveCfg = Release|Any CPU
		{92892327-2B59-4706-933B-DF7A8BAB4C54}.Release|Any CPU.Build.0 = Release|Any CPU
		{A4AE63A7-8B1D-45AF-9C6F-14729EB16393}.Debug|Any CPU.ActiveCfg = Debug|Any CPU
		{A4AE63A7-8B1D-45AF-9C6F-14729EB16393}.Debug|Any CPU.Build.0 = Debug|Any CPU
		{A4AE63A7-8B1D-45AF-9C6F-14729EB16393}.Release|Any CPU.ActiveCfg = Release|Any CPU
		{A4AE63A7-8B1D-45AF-9C6F-14729EB16393}.Release|Any CPU.Build.0 = Release|Any CPU
		{60C33668-304C-4256-9CF9-59FB20468AED}.Debug|Any CPU.ActiveCfg = Debug|Any CPU
		{60C33668-304C-4256-9CF9-59FB20468AED}.Debug|Any CPU.Build.0 = Debug|Any CPU
		{60C33668-304C-4256-9CF9-59FB20468AED}.Release|Any CPU.ActiveCfg = Release|Any CPU
		{60C33668-304C-4256-9CF9-59FB20468AED}.Release|Any CPU.Build.0 = Release|Any CPU
		{B878F018-1D30-48EA-85C8-531253FBC918}.Debug|Any CPU.ActiveCfg = Debug|Any CPU
		{B878F018-1D30-48EA-85C8-531253FBC918}.Debug|Any CPU.Build.0 = Debug|Any CPU
		{B878F018-1D30-48EA-85C8-531253FBC918}.Release|Any CPU.ActiveCfg = Release|Any CPU
		{B878F018-1D30-48EA-85C8-531253FBC918}.Release|Any CPU.Build.0 = Release|Any CPU
		{CB791DAF-7259-4292-BFFD-5F5385CF0540}.Debug|Any CPU.ActiveCfg = Debug|Any CPU
		{CB791DAF-7259-4292-BFFD-5F5385CF0540}.Debug|Any CPU.Build.0 = Debug|Any CPU
		{CB791DAF-7259-4292-BFFD-5F5385CF0540}.Release|Any CPU.ActiveCfg = Release|Any CPU
		{CB791DAF-7259-4292-BFFD-5F5385CF0540}.Release|Any CPU.Build.0 = Release|Any CPU
	EndGlobalSection
	GlobalSection(SolutionProperties) = preSolution
		HideSolutionNode = FALSE
	EndGlobalSection
	GlobalSection(NestedProjects) = preSolution
		{BF90541D-5F6F-4ED3-8459-64C52D2B521B} = {D6E5B38A-709D-47EE-AF24-B9703BDBA483}
		{D64C1577-4929-4B60-939E-96DE1534891A} = {BF90541D-5F6F-4ED3-8459-64C52D2B521B}
		{F2840BC7-0188-4606-9126-DADD0F5ABF7A} = {BF90541D-5F6F-4ED3-8459-64C52D2B521B}
		{BD65D04F-08D5-40C1-8C24-77CA0BACB877} = {BF90541D-5F6F-4ED3-8459-64C52D2B521B}
		{78040F9E-3501-4A40-82DF-00A597710F35} = {BF90541D-5F6F-4ED3-8459-64C52D2B521B}
		{0CE86223-D31D-4315-A1F5-87BA3EE1B844} = {BF90541D-5F6F-4ED3-8459-64C52D2B521B}
		{077AA5F8-8B61-420C-A6B5-0150A66FDB34} = {BF90541D-5F6F-4ED3-8459-64C52D2B521B}
		{F6334AFD-F80B-40F1-A490-B6BC73791745} = {BB643A3F-AAAF-40FF-A547-63A3179E04EF}
		{3387E6A1-CBDC-4264-9083-67282E4700D3} = {F6334AFD-F80B-40F1-A490-B6BC73791745}
		{EC6B0B2B-9679-40C3-BF53-F4BB04DC493B} = {F6334AFD-F80B-40F1-A490-B6BC73791745}
		{A16A24C0-6AF3-40BD-B2C4-DF819F71F24B} = {F6334AFD-F80B-40F1-A490-B6BC73791745}
		{53A7C4FC-FD23-4FD3-B474-6FB08299827F} = {F6334AFD-F80B-40F1-A490-B6BC73791745}
		{B81CEC5A-15AE-423E-BCAB-63DEF29D534B} = {F6334AFD-F80B-40F1-A490-B6BC73791745}
		{EAE7BEFE-392B-4D55-9547-311DD12D8E75} = {F6334AFD-F80B-40F1-A490-B6BC73791745}
		{9DC09B6B-CAE5-43AC-9AE6-50ED262D7A3E} = {F6334AFD-F80B-40F1-A490-B6BC73791745}
		{2A1CA64A-D34D-492F-BF74-2FE024A038BA} = {BB643A3F-AAAF-40FF-A547-63A3179E04EF}
		{7F6672D2-6638-4AA4-9AA0-9B588CFE8FE3} = {2A1CA64A-D34D-492F-BF74-2FE024A038BA}
		{C58135C8-E2CB-4FE1-BB52-5B6F11FCDD4C} = {2A1CA64A-D34D-492F-BF74-2FE024A038BA}
		{04959356-287D-4E0D-8F1C-0B91958ACD18} = {9DC09B6B-CAE5-43AC-9AE6-50ED262D7A3E}
		{007AC9EA-6149-4C6D-8D83-9695818463D8} = {9DC09B6B-CAE5-43AC-9AE6-50ED262D7A3E}
		{25D73ABA-A29F-4700-B5CA-609821578DA3} = {BF90541D-5F6F-4ED3-8459-64C52D2B521B}
		{4D467DF7-07AB-470A-A8FE-D3B9D55202F4} = {9DC09B6B-CAE5-43AC-9AE6-50ED262D7A3E}
		{65541155-0AA6-4150-9902-DF9332FF2C97} = {9DC09B6B-CAE5-43AC-9AE6-50ED262D7A3E}
		{2D2BCEB8-60CE-4E05-9E47-BEF19ED0CBE7} = {9DC09B6B-CAE5-43AC-9AE6-50ED262D7A3E}
		{92892327-2B59-4706-933B-DF7A8BAB4C54} = {9DC09B6B-CAE5-43AC-9AE6-50ED262D7A3E}
		{A4AE63A7-8B1D-45AF-9C6F-14729EB16393} = {FC7130BD-A03F-4F75-814B-562A1F32D2FB}
		{60C33668-304C-4256-9CF9-59FB20468AED} = {9DC09B6B-CAE5-43AC-9AE6-50ED262D7A3E}
		{B878F018-1D30-48EA-85C8-531253FBC918} = {BF90541D-5F6F-4ED3-8459-64C52D2B521B}
		{CB791DAF-7259-4292-BFFD-5F5385CF0540} = {2A1CA64A-D34D-492F-BF74-2FE024A038BA}
	EndGlobalSection
	GlobalSection(ExtensibilityGlobals) = postSolution
		SolutionGuid = {97B31592-9D30-762F-72BA-EC256AA0B76E}
	EndGlobalSection
EndGlobal
